
Microsoft Visual Studio Solution File, Format Version 12.00
# Visual Studio Version 17
VisualStudioVersion = 17.9.34607.119
MinimumVisualStudioVersion = 10.0.40219.1
Project("{FAE04EC0-301F-11D3-BF4B-00C04F79EFBC}") = "TestAppOnWpf", "TestAppOnWpf\TestAppOnWpf.csproj", "{3293E23A-57D0-4343-A007-0BAF0E625EA6}"
EndProject
Project("{54435603-DBB4-11D2-8724-00A0C9A8B90C}") = "Setup1", "Setup1\Setup1.vdproj", "{6128C75A-ECE8-44C0-97D2-056E54DC1176}"
EndProject
Project("{54435603-DBB4-11D2-8724-00A0C9A8B90C}") = "Setup2", "Setup2\Setup2.vdproj", "{62A74DBC-9B75-412B-9AA4-98BF427E7620}"
EndProject
Global
	GlobalSection(SolutionConfigurationPlatforms) = preSolution
		Debug|Any CPU = Debug|Any CPU
		Release|Any CPU = Release|Any CPU
	EndGlobalSection
	GlobalSection(ProjectConfigurationPlatforms) = postSolution
		{3293E23A-57D0-4343-A007-0BAF0E625EA6}.Debug|Any CPU.ActiveCfg = Debug|Any CPU
		{3293E23A-57D0-4343-A007-0BAF0E625EA6}.Debug|Any CPU.Build.0 = Debug|Any CPU
		{3293E23A-57D0-4343-A007-0BAF0E625EA6}.Release|Any CPU.ActiveCfg = Release|Any CPU
		{3293E23A-57D0-4343-A007-0BAF0E625EA6}.Release|Any CPU.Build.0 = Release|Any CPU
		{6128C75A-ECE8-44C0-97D2-056E54DC1176}.Debug|Any CPU.ActiveCfg = Debug
		{6128C75A-ECE8-44C0-97D2-056E54DC1176}.Release|Any CPU.ActiveCfg = Release
		{62A74DBC-9B75-412B-9AA4-98BF427E7620}.Debug|Any CPU.ActiveCfg = Debug
		{62A74DBC-9B75-412B-9AA4-98BF427E7620}.Release|Any CPU.ActiveCfg = Release
	EndGlobalSection
	GlobalSection(SolutionProperties) = preSolution
		HideSolutionNode = FALSE
	EndGlobalSection
	GlobalSection(ExtensibilityGlobals) = postSolution
		SolutionGuid = {9EDA064F-267B-4263-866B-76FD4F58767F}
	EndGlobalSection
EndGlobal
